
Microsoft Visual Studio Solution File, Format Version 12.00
# Visual Studio Version 17
VisualStudioVersion = 17.7.34031.279
MinimumVisualStudioVersion = 10.0.40219.1
Project("{9A19103F-16F7-4668-BE54-9A1E7A4F7556}") = "LycansAPI.Core", "LycansAPI.Core\LycansAPI.Core.csproj", "{0105003D-265D-4313-B75A-A376ACF61D7D}"
EndProject
Project("{9A19103F-16F7-4668-BE54-9A1E7A4F7556}") = "LycansAPI.Localization", "LycansAPI.Localization\LycansAPI.Localization.csproj", "{7A758BD8-07EC-4F53-8341-8A29115DBFDB}"
EndProject
Global
	GlobalSection(SolutionConfigurationPlatforms) = preSolution
		Debug|Any CPU = Debug|Any CPU
		Release|Any CPU = Release|Any CPU
	EndGlobalSection
	GlobalSection(ProjectConfigurationPlatforms) = postSolution
		{0105003D-265D-4313-B75A-A376ACF61D7D}.Debug|Any CPU.ActiveCfg = Debug|Any CPU
		{0105003D-265D-4313-B75A-A376ACF61D7D}.Debug|Any CPU.Build.0 = Debug|Any CPU
		{0105003D-265D-4313-B75A-A376ACF61D7D}.Release|Any CPU.ActiveCfg = Release|Any CPU
		{0105003D-265D-4313-B75A-A376ACF61D7D}.Release|Any CPU.Build.0 = Release|Any CPU
		{7A758BD8-07EC-4F53-8341-8A29115DBFDB}.Debug|Any CPU.ActiveCfg = Debug|Any CPU
		{7A758BD8-07EC-4F53-8341-8A29115DBFDB}.Debug|Any CPU.Build.0 = Debug|Any CPU
		{7A758BD8-07EC-4F53-8341-8A29115DBFDB}.Release|Any CPU.ActiveCfg = Release|Any CPU
		{7A758BD8-07EC-4F53-8341-8A29115DBFDB}.Release|Any CPU.Build.0 = Release|Any CPU
	EndGlobalSection
	GlobalSection(SolutionProperties) = preSolution
		HideSolutionNode = FALSE
	EndGlobalSection
	GlobalSection(ExtensibilityGlobals) = postSolution
		SolutionGuid = {B4113AD5-07B8-459B-82DC-662176DF08AF}
	EndGlobalSection
EndGlobal
